
Microsoft Visual Studio Solution File, Format Version 12.00
# Visual Studio Version 16
VisualStudioVersion = 16.0.30104.148
MinimumVisualStudioVersion = 10.0.40219.1
Project("{FAE04EC0-301F-11D3-BF4B-00C04F79EFBC}") = "WinMikes", "WinMikes.csproj", "{C1C1969E-3731-48FB-A932-07640729C63F}"
EndProject
Global
	GlobalSection(SolutionConfigurationPlatforms) = preSolution
		Debug|Any CPU = Debug|Any CPU
		Release|Any CPU = Release|Any CPU
	EndGlobalSection
	GlobalSection(ProjectConfigurationPlatforms) = postSolution
		{C1C1969E-3731-48FB-A932-07640729C63F}.Debug|Any CPU.ActiveCfg = Debug|Any CPU
		{C1C1969E-3731-48FB-A932-07640729C63F}.Debug|Any CPU.Build.0 = Debug|Any CPU
		{C1C1969E-3731-48FB-A932-07640729C63F}.Release|Any CPU.ActiveCfg = Release|Any CPU
		{C1C1969E-3731-48FB-A932-07640729C63F}.Release|Any CPU.Build.0 = Release|Any CPU
	EndGlobalSection
	GlobalSection(SolutionProperties) = preSolution
		HideSolutionNode = FALSE
	EndGlobalSection
	GlobalSection(ExtensibilityGlobals) = postSolution
		SolutionGuid = {0748EB2C-2B07-4098-A144-62D06DDD60B7}
	EndGlobalSection
EndGlobal
